
Microsoft Visual Studio Solution File, Format Version 12.00
# Visual Studio Version 16
VisualStudioVersion = 16.0.30711.63
MinimumVisualStudioVersion = 10.0.40219.1
Project("{9A19103F-16F7-4668-BE54-9A1E7A4F7556}") = "RepositoryTest", "..\src\RepositoryTest\RepositoryTest.csproj", "{61D6253A-7ED5-4FAA-92D7-FAFEB09D2089}"
EndProject
Project("{FAE04EC0-301F-11D3-BF4B-00C04F79EFBC}") = "EFCoreApp", "..\src\EFCoreApp\EFCoreApp.csproj", "{DFE203E4-EF5B-4707-BAC0-71F1C580CEBE}"
EndProject
Project("{9A19103F-16F7-4668-BE54-9A1E7A4F7556}") = "SimpleWebApp", "..\src\SimpleWebApp\SimpleWebApp.csproj", "{1848B5AE-DB89-4AB3-9626-9BF8356310E8}"
EndProject
Project("{FAE04EC0-301F-11D3-BF4B-00C04F79EFBC}") = "AutoBuildApp", "AutoBuildApp\AutoBuildApp.csproj", "{6E672A6E-BC4A-49AB-AB96-4044F0A9608B}"
EndProject
Global
	GlobalSection(SolutionConfigurationPlatforms) = preSolution
		Debug|Any CPU = Debug|Any CPU
		Release|Any CPU = Release|Any CPU
	EndGlobalSection
	GlobalSection(ProjectConfigurationPlatforms) = postSolution
		{61D6253A-7ED5-4FAA-92D7-FAFEB09D2089}.Debug|Any CPU.ActiveCfg = Debug|Any CPU
		{61D6253A-7ED5-4FAA-92D7-FAFEB09D2089}.Debug|Any CPU.Build.0 = Debug|Any CPU
		{61D6253A-7ED5-4FAA-92D7-FAFEB09D2089}.Release|Any CPU.ActiveCfg = Release|Any CPU
		{61D6253A-7ED5-4FAA-92D7-FAFEB09D2089}.Release|Any CPU.Build.0 = Release|Any CPU
		{DFE203E4-EF5B-4707-BAC0-71F1C580CEBE}.Debug|Any CPU.ActiveCfg = Debug|Any CPU
		{DFE203E4-EF5B-4707-BAC0-71F1C580CEBE}.Debug|Any CPU.Build.0 = Debug|Any CPU
		{DFE203E4-EF5B-4707-BAC0-71F1C580CEBE}.Release|Any CPU.ActiveCfg = Release|Any CPU
		{DFE203E4-EF5B-4707-BAC0-71F1C580CEBE}.Release|Any CPU.Build.0 = Release|Any CPU
		{1848B5AE-DB89-4AB3-9626-9BF8356310E8}.Debug|Any CPU.ActiveCfg = Debug|Any CPU
		{1848B5AE-DB89-4AB3-9626-9BF8356310E8}.Debug|Any CPU.Build.0 = Debug|Any CPU
		{1848B5AE-DB89-4AB3-9626-9BF8356310E8}.Release|Any CPU.ActiveCfg = Release|Any CPU
		{1848B5AE-DB89-4AB3-9626-9BF8356310E8}.Release|Any CPU.Build.0 = Release|Any CPU
		{6E672A6E-BC4A-49AB-AB96-4044F0A9608B}.Debug|Any CPU.ActiveCfg = Debug|Any CPU
		{6E672A6E-BC4A-49AB-AB96-4044F0A9608B}.Debug|Any CPU.Build.0 = Debug|Any CPU
		{6E672A6E-BC4A-49AB-AB96-4044F0A9608B}.Release|Any CPU.ActiveCfg = Release|Any CPU
		{6E672A6E-BC4A-49AB-AB96-4044F0A9608B}.Release|Any CPU.Build.0 = Release|Any CPU
	EndGlobalSection
	GlobalSection(SolutionProperties) = preSolution
		HideSolutionNode = FALSE
	EndGlobalSection
	GlobalSection(ExtensibilityGlobals) = postSolution
		SolutionGuid = {15DDA2AF-22A7-46A2-9B3E-BE5DBC39FF80}
	EndGlobalSection
EndGlobal
